
Microsoft Visual Studio Solution File, Format Version 12.00
# Visual Studio Version 17
VisualStudioVersion = 17.13.35931.197
MinimumVisualStudioVersion = 10.0.40219.1
Project("{FAE04EC0-301F-11D3-BF4B-00C04F79EFBC}") = "BackgroundResourceProcessing", "src\BackgroundResourceProcessing\BackgroundResourceProcessing.csproj", "{CF0C0D27-96CF-3155-1288-454FFD5318B8}"
EndProject
Project("{FAE04EC0-301F-11D3-BF4B-00C04F79EFBC}") = "BackgroundResourceProcessing.Test", "test\BackgroundResourceProcessing.Test\BackgroundResourceProcessing.Test.csproj", "{C2F9D2FF-ABF9-4FE4-B7A7-FB4FBE4B7C14}"
EndProject
Project("{FAE04EC0-301F-11D3-BF4B-00C04F79EFBC}") = "BackgroundResourceProcessing.Integration.EL", "src\BackgroundResourceProcessing.Integration.EL\BackgroundResourceProcessing.Integration.EL.csproj", "{C1E83CB8-3EE0-4165-0A96-A230133CC1D1}"
EndProject
Project("{FAE04EC0-301F-11D3-BF4B-00C04F79EFBC}") = "BackgroundResourceProcessing.Integration.ClickThroughBlocker", "src\BackgroundResourceProcessing.Integration.ClickThroughBlocker\BackgroundResourceProcessing.Integration.ClickThroughBlocker.csproj", "{877C5B2D-3B1C-E670-8792-5E4374F7A4EA}"
EndProject
Project("{FAE04EC0-301F-11D3-BF4B-00C04F79EFBC}") = "BackgroundResourceProcessing.CLI", "src\BackgroundResourceProcessing.CLI\BackgroundResourceProcessing.CLI.csproj", "{716615EE-8E13-9EDC-DF92-0FD9A682F661}"
EndProject
Project("{FAE04EC0-301F-11D3-BF4B-00C04F79EFBC}") = "BackgroundResourceProcessing.Integration.Kopernicus", "src\BackgroundResourceProcessing.Integration.Kopernicus\BackgroundResourceProcessing.Integration.Kopernicus.csproj", "{CBE884D1-7422-50D5-2EB6-51FB3A3AFD53}"
EndProject
Project("{FAE04EC0-301F-11D3-BF4B-00C04F79EFBC}") = "BackgroundResourceProcessing.Integration.USILifeSupport", "src\BackgroundResourceProcessing.Integration.USILifeSupport\BackgroundResourceProcessing.Integration.USILifeSupport.csproj", "{F8D37826-E733-1B88-4739-3EF935560609}"
EndProject
Project("{FAE04EC0-301F-11D3-BF4B-00C04F79EFBC}") = "BackgroundResourceProcessing.Integration.CryoTanks", "src\BackgroundResourceProcessing.Integration.CryoTanks\BackgroundResourceProcessing.Integration.CryoTanks.csproj", "{5694ACBE-531C-0240-1DC5-28C4BD40243A}"
EndProject
Project("{FAE04EC0-301F-11D3-BF4B-00C04F79EFBC}") = "BackgroundResourceProcessing.System.Memory", "src\BackgroundResourceProcessing.System.Memory\BackgroundResourceProcessing.System.Memory.csproj", "{AB047787-BADC-9066-1033-39BD8A03D5D0}"
EndProject
Project("{FAE04EC0-301F-11D3-BF4B-00C04F79EFBC}") = "BackgroundResourceProcessing.Integration.NearFutureSolar", "src\BackgroundResourceProcessing.Integration.NearFutureSolar\BackgroundResourceProcessing.Integration.NearFutureSolar.csproj", "{7FB03173-964D-C8F0-DD63-72DE950F3419}"
EndProject
Project("{FAE04EC0-301F-11D3-BF4B-00C04F79EFBC}") = "BackgroundResourceProcessing.Integration.SpaceDust", "src\BackgroundResourceProcessing.Integration.SpaceDust\BackgroundResourceProcessing.Integration.SpaceDust.csproj", "{3F36980C-79EB-6EBF-5B7D-E31AC9648988}"
EndProject
Project("{FAE04EC0-301F-11D3-BF4B-00C04F79EFBC}") = "BackgroundResourceProcessing.Integration.BackgroundResources", "src\BackgroundResourceProcessing.Integration.BackgroundResources\BackgroundResourceProcessing.Integration.BackgroundResources.csproj", "{D08BBA46-7E8B-4487-AE9F-9B536F5A1A1F}"
EndProject
Project("{FAE04EC0-301F-11D3-BF4B-00C04F79EFBC}") = "BackgroundResourceProcessing.Integration.DeepFreeze", "src\BackgroundResourceProcessing.Integration.DeepFreeze\BackgroundResourceProcessing.Integration.DeepFreeze.csproj", "{1C838403-880A-A56B-1276-C753FDFE35B0}"
EndProject
Project("{FAE04EC0-301F-11D3-BF4B-00C04F79EFBC}") = "BackgroundResourceProcessing.Integration.AutomaticLabHousekeeper", "src\BackgroundResourceProcessing.Integration.AutomaticLabHousekeeper\BackgroundResourceProcessing.Integration.AutomaticLabHousekeeper.csproj", "{E97A947A-F066-FED5-D8DA-6A6CB3BD00F3}"
EndProject
Project("{FAE04EC0-301F-11D3-BF4B-00C04F79EFBC}") = "BackgroundResourceProcessing.Integration.NEOS", "src\BackgroundResourceProcessing.Integration.NEOS\BackgroundResourceProcessing.Integration.NEOS.csproj", "{4C5EAD24-A354-C780-7EFD-F765D6A95BD9}"
EndProject
Global
	GlobalSection(SolutionConfigurationPlatforms) = preSolution
		Debug|Any CPU = Debug|Any CPU
		Release|Any CPU = Release|Any CPU
	EndGlobalSection
	GlobalSection(ProjectConfigurationPlatforms) = postSolution
		{CF0C0D27-96CF-3155-1288-454FFD5318B8}.Debug|Any CPU.ActiveCfg = Debug|Any CPU
		{CF0C0D27-96CF-3155-1288-454FFD5318B8}.Debug|Any CPU.Build.0 = Debug|Any CPU
		{CF0C0D27-96CF-3155-1288-454FFD5318B8}.Release|Any CPU.ActiveCfg = Release|Any CPU
		{CF0C0D27-96CF-3155-1288-454FFD5318B8}.Release|Any CPU.Build.0 = Release|Any CPU
		{C2F9D2FF-ABF9-4FE4-B7A7-FB4FBE4B7C14}.Debug|Any CPU.ActiveCfg = Debug|Any CPU
		{C2F9D2FF-ABF9-4FE4-B7A7-FB4FBE4B7C14}.Debug|Any CPU.Build.0 = Debug|Any CPU
		{C2F9D2FF-ABF9-4FE4-B7A7-FB4FBE4B7C14}.Release|Any CPU.ActiveCfg = Release|Any CPU
		{C2F9D2FF-ABF9-4FE4-B7A7-FB4FBE4B7C14}.Release|Any CPU.Build.0 = Release|Any CPU
		{C1E83CB8-3EE0-4165-0A96-A230133CC1D1}.Debug|Any CPU.ActiveCfg = Debug|Any CPU
		{C1E83CB8-3EE0-4165-0A96-A230133CC1D1}.Debug|Any CPU.Build.0 = Debug|Any CPU
		{C1E83CB8-3EE0-4165-0A96-A230133CC1D1}.Release|Any CPU.ActiveCfg = Release|Any CPU
		{C1E83CB8-3EE0-4165-0A96-A230133CC1D1}.Release|Any CPU.Build.0 = Release|Any CPU
		{877C5B2D-3B1C-E670-8792-5E4374F7A4EA}.Debug|Any CPU.ActiveCfg = Debug|Any CPU
		{877C5B2D-3B1C-E670-8792-5E4374F7A4EA}.Debug|Any CPU.Build.0 = Debug|Any CPU
		{877C5B2D-3B1C-E670-8792-5E4374F7A4EA}.Release|Any CPU.ActiveCfg = Release|Any CPU
		{877C5B2D-3B1C-E670-8792-5E4374F7A4EA}.Release|Any CPU.Build.0 = Release|Any CPU
		{716615EE-8E13-9EDC-DF92-0FD9A682F661}.Debug|Any CPU.ActiveCfg = Debug|Any CPU
		{716615EE-8E13-9EDC-DF92-0FD9A682F661}.Debug|Any CPU.Build.0 = Debug|Any CPU
		{716615EE-8E13-9EDC-DF92-0FD9A682F661}.Release|Any CPU.ActiveCfg = Release|Any CPU
		{716615EE-8E13-9EDC-DF92-0FD9A682F661}.Release|Any CPU.Build.0 = Release|Any CPU
		{CBE884D1-7422-50D5-2EB6-51FB3A3AFD53}.Debug|Any CPU.ActiveCfg = Debug|Any CPU
		{CBE884D1-7422-50D5-2EB6-51FB3A3AFD53}.Debug|Any CPU.Build.0 = Debug|Any CPU
		{CBE884D1-7422-50D5-2EB6-51FB3A3AFD53}.Release|Any CPU.ActiveCfg = Release|Any CPU
		{CBE884D1-7422-50D5-2EB6-51FB3A3AFD53}.Release|Any CPU.Build.0 = Release|Any CPU
		{F8D37826-E733-1B88-4739-3EF935560609}.Debug|Any CPU.ActiveCfg = Debug|Any CPU
		{F8D37826-E733-1B88-4739-3EF935560609}.Debug|Any CPU.Build.0 = Debug|Any CPU
		{F8D37826-E733-1B88-4739-3EF935560609}.Release|Any CPU.ActiveCfg = Release|Any CPU
		{F8D37826-E733-1B88-4739-3EF935560609}.Release|Any CPU.Build.0 = Release|Any CPU
		{5694ACBE-531C-0240-1DC5-28C4BD40243A}.Debug|Any CPU.ActiveCfg = Debug|Any CPU
		{5694ACBE-531C-0240-1DC5-28C4BD40243A}.Debug|Any CPU.Build.0 = Debug|Any CPU
		{5694ACBE-531C-0240-1DC5-28C4BD40243A}.Release|Any CPU.ActiveCfg = Release|Any CPU
		{5694ACBE-531C-0240-1DC5-28C4BD40243A}.Release|Any CPU.Build.0 = Release|Any CPU
		{AB047787-BADC-9066-1033-39BD8A03D5D0}.Debug|Any CPU.ActiveCfg = Debug|Any CPU
		{AB047787-BADC-9066-1033-39BD8A03D5D0}.Debug|Any CPU.Build.0 = Debug|Any CPU
		{AB047787-BADC-9066-1033-39BD8A03D5D0}.Release|Any CPU.ActiveCfg = Release|Any CPU
		{AB047787-BADC-9066-1033-39BD8A03D5D0}.Release|Any CPU.Build.0 = Release|Any CPU
		{7FB03173-964D-C8F0-DD63-72DE950F3419}.Debug|Any CPU.ActiveCfg = Debug|Any CPU
		{7FB03173-964D-C8F0-DD63-72DE950F3419}.Debug|Any CPU.Build.0 = Debug|Any CPU
		{7FB03173-964D-C8F0-DD63-72DE950F3419}.Release|Any CPU.ActiveCfg = Release|Any CPU
		{7FB03173-964D-C8F0-DD63-72DE950F3419}.Release|Any CPU.Build.0 = Release|Any CPU
		{3F36980C-79EB-6EBF-5B7D-E31AC9648988}.Debug|Any CPU.ActiveCfg = Debug|Any CPU
		{3F36980C-79EB-6EBF-5B7D-E31AC9648988}.Debug|Any CPU.Build.0 = Debug|Any CPU
		{3F36980C-79EB-6EBF-5B7D-E31AC9648988}.Release|Any CPU.ActiveCfg = Release|Any CPU
		{3F36980C-79EB-6EBF-5B7D-E31AC9648988}.Release|Any CPU.Build.0 = Release|Any CPU
		{D08BBA46-7E8B-4487-AE9F-9B536F5A1A1F}.Debug|Any CPU.ActiveCfg = Debug|Any CPU
		{D08BBA46-7E8B-4487-AE9F-9B536F5A1A1F}.Debug|Any CPU.Build.0 = Debug|Any CPU
		{D08BBA46-7E8B-4487-AE9F-9B536F5A1A1F}.Release|Any CPU.ActiveCfg = Release|Any CPU
		{D08BBA46-7E8B-4487-AE9F-9B536F5A1A1F}.Release|Any CPU.Build.0 = Release|Any CPU
		{1C838403-880A-A56B-1276-C753FDFE35B0}.Debug|Any CPU.ActiveCfg = Debug|Any CPU
		{1C838403-880A-A56B-1276-C753FDFE35B0}.Debug|Any CPU.Build.0 = Debug|Any CPU
		{1C838403-880A-A56B-1276-C753FDFE35B0}.Release|Any CPU.ActiveCfg = Release|Any CPU
		{1C838403-880A-A56B-1276-C753FDFE35B0}.Release|Any CPU.Build.0 = Release|Any CPU
		{E97A947A-F066-FED5-D8DA-6A6CB3BD00F3}.Debug|Any CPU.ActiveCfg = Debug|Any CPU
		{E97A947A-F066-FED5-D8DA-6A6CB3BD00F3}.Debug|Any CPU.Build.0 = Debug|Any CPU
		{E97A947A-F066-FED5-D8DA-6A6CB3BD00F3}.Release|Any CPU.ActiveCfg = Release|Any CPU
		{E97A947A-F066-FED5-D8DA-6A6CB3BD00F3}.Release|Any CPU.Build.0 = Release|Any CPU
		{4C5EAD24-A354-C780-7EFD-F765D6A95BD9}.Debug|Any CPU.ActiveCfg = Debug|Any CPU
		{4C5EAD24-A354-C780-7EFD-F765D6A95BD9}.Debug|Any CPU.Build.0 = Debug|Any CPU
		{4C5EAD24-A354-C780-7EFD-F765D6A95BD9}.Release|Any CPU.ActiveCfg = Release|Any CPU
		{4C5EAD24-A354-C780-7EFD-F765D6A95BD9}.Release|Any CPU.Build.0 = Release|Any CPU
	EndGlobalSection
	GlobalSection(SolutionProperties) = preSolution
		HideSolutionNode = FALSE
	EndGlobalSection
	GlobalSection(ExtensibilityGlobals) = postSolution
		SolutionGuid = {37DA6E36-F22B-49AC-831C-05CA5A1BC618}
	EndGlobalSection
EndGlobal
