
Microsoft Visual Studio Solution File, Format Version 12.00
# Visual Studio Version 17
VisualStudioVersion = 17.13.35931.197
MinimumVisualStudioVersion = 10.0.40219.1
Project("{FAE04EC0-301F-11D3-BF4B-00C04F79EFBC}") = "BackgroundResourceProcessing", "src\BackgroundResourceProcessing\BackgroundResourceProcessing.csproj", "{CF0C0D27-96CF-3155-1288-454FFD5318B8}"
EndProject
Project("{FAE04EC0-301F-11D3-BF4B-00C04F79EFBC}") = "BackgroundResourceProcessing.Test", "test\BackgroundResourceProcessing.Test\BackgroundResourceProcessing.Test.csproj", "{C2F9D2FF-ABF9-4FE4-B7A7-FB4FBE4B7C14}"
EndProject
Project("{FAE04EC0-301F-11D3-BF4B-00C04F79EFBC}") = "BackgroundResourceProcessing.Integration.EL", "src\BackgroundResourceProcessing.Integration.EL\BackgroundResourceProcessing.Integration.EL.csproj", "{C1E83CB8-3EE0-4165-0A96-A230133CC1D1}"
EndProject
Project("{FAE04EC0-301F-11D3-BF4B-00C04F79EFBC}") = "BackgroundResourceProcessing.Integration.ClickThroughBlocker", "src\BackgroundResourceProcessing.Integration.ClickThroughBlocker\BackgroundResourceProcessing.Integration.ClickThroughBlocker.csproj", "{877C5B2D-3B1C-E670-8792-5E4374F7A4EA}"
EndProject
Project("{FAE04EC0-301F-11D3-BF4B-00C04F79EFBC}") = "BackgroundResourceProcessing.CLI", "src\BackgroundResourceProcessing.CLI\BackgroundResourceProcessing.CLI.csproj", "{716615EE-8E13-9EDC-DF92-0FD9A682F661}"
EndProject
Project("{FAE04EC0-301F-11D3-BF4B-00C04F79EFBC}") = "BackgroundResourceProcessing.Integration.Kopernicus", "src\BackgroundResourceProcessing.Integration.Kopernicus\BackgroundResourceProcessing.Integration.Kopernicus.csproj", "{CBE884D1-7422-50D5-2EB6-51FB3A3AFD53}"
EndProject
Global
	GlobalSection(SolutionConfigurationPlatforms) = preSolution
		Debug|Any CPU = Debug|Any CPU
		Release|Any CPU = Release|Any CPU
	EndGlobalSection
	GlobalSection(ProjectConfigurationPlatforms) = postSolution
		{CF0C0D27-96CF-3155-1288-454FFD5318B8}.Debug|Any CPU.ActiveCfg = Debug|Any CPU
		{CF0C0D27-96CF-3155-1288-454FFD5318B8}.Debug|Any CPU.Build.0 = Debug|Any CPU
		{CF0C0D27-96CF-3155-1288-454FFD5318B8}.Release|Any CPU.ActiveCfg = Release|Any CPU
		{CF0C0D27-96CF-3155-1288-454FFD5318B8}.Release|Any CPU.Build.0 = Release|Any CPU
		{C2F9D2FF-ABF9-4FE4-B7A7-FB4FBE4B7C14}.Debug|Any CPU.ActiveCfg = Debug|Any CPU
		{C2F9D2FF-ABF9-4FE4-B7A7-FB4FBE4B7C14}.Debug|Any CPU.Build.0 = Debug|Any CPU
		{C2F9D2FF-ABF9-4FE4-B7A7-FB4FBE4B7C14}.Release|Any CPU.ActiveCfg = Release|Any CPU
		{C2F9D2FF-ABF9-4FE4-B7A7-FB4FBE4B7C14}.Release|Any CPU.Build.0 = Release|Any CPU
		{C1E83CB8-3EE0-4165-0A96-A230133CC1D1}.Debug|Any CPU.ActiveCfg = Debug|Any CPU
		{C1E83CB8-3EE0-4165-0A96-A230133CC1D1}.Debug|Any CPU.Build.0 = Debug|Any CPU
		{C1E83CB8-3EE0-4165-0A96-A230133CC1D1}.Release|Any CPU.ActiveCfg = Release|Any CPU
		{C1E83CB8-3EE0-4165-0A96-A230133CC1D1}.Release|Any CPU.Build.0 = Release|Any CPU
		{877C5B2D-3B1C-E670-8792-5E4374F7A4EA}.Debug|Any CPU.ActiveCfg = Debug|Any CPU
		{877C5B2D-3B1C-E670-8792-5E4374F7A4EA}.Debug|Any CPU.Build.0 = Debug|Any CPU
		{877C5B2D-3B1C-E670-8792-5E4374F7A4EA}.Release|Any CPU.ActiveCfg = Release|Any CPU
		{877C5B2D-3B1C-E670-8792-5E4374F7A4EA}.Release|Any CPU.Build.0 = Release|Any CPU
		{716615EE-8E13-9EDC-DF92-0FD9A682F661}.Debug|Any CPU.ActiveCfg = Debug|Any CPU
		{716615EE-8E13-9EDC-DF92-0FD9A682F661}.Debug|Any CPU.Build.0 = Debug|Any CPU
		{716615EE-8E13-9EDC-DF92-0FD9A682F661}.Release|Any CPU.ActiveCfg = Release|Any CPU
		{716615EE-8E13-9EDC-DF92-0FD9A682F661}.Release|Any CPU.Build.0 = Release|Any CPU
		{CBE884D1-7422-50D5-2EB6-51FB3A3AFD53}.Debug|Any CPU.ActiveCfg = Debug|Any CPU
		{CBE884D1-7422-50D5-2EB6-51FB3A3AFD53}.Debug|Any CPU.Build.0 = Debug|Any CPU
		{CBE884D1-7422-50D5-2EB6-51FB3A3AFD53}.Release|Any CPU.ActiveCfg = Release|Any CPU
		{CBE884D1-7422-50D5-2EB6-51FB3A3AFD53}.Release|Any CPU.Build.0 = Release|Any CPU
	EndGlobalSection
	GlobalSection(SolutionProperties) = preSolution
		HideSolutionNode = FALSE
	EndGlobalSection
	GlobalSection(ExtensibilityGlobals) = postSolution
		SolutionGuid = {37DA6E36-F22B-49AC-831C-05CA5A1BC618}
	EndGlobalSection
EndGlobal
