
Microsoft Visual Studio Solution File, Format Version 12.00
# Visual Studio Version 17
VisualStudioVersion = 17.13.35931.197
MinimumVisualStudioVersion = 10.0.40219.1
Project("{FAE04EC0-301F-11D3-BF4B-00C04F79EFBC}") = "UnifiedBackgroundProcessing", "src\UnifiedBackgroundProcessing\UnifiedBackgroundProcessing.csproj", "{CF0C0D27-96CF-3155-1288-454FFD5318B8}"
EndProject
Project("{FAE04EC0-301F-11D3-BF4B-00C04F79EFBC}") = "UnifiedBackgroundProcessingTest", "test\UnifiedBackgroundProcessingTest\UnifiedBackgroundProcessingTest.csproj", "{C2F9D2FF-ABF9-4FE4-B7A7-FB4FBE4B7C14}"
EndProject
Global
	GlobalSection(SolutionConfigurationPlatforms) = preSolution
		Debug|Any CPU = Debug|Any CPU
		Release|Any CPU = Release|Any CPU
	EndGlobalSection
	GlobalSection(ProjectConfigurationPlatforms) = postSolution
		{CF0C0D27-96CF-3155-1288-454FFD5318B8}.Debug|Any CPU.ActiveCfg = Debug|Any CPU
		{CF0C0D27-96CF-3155-1288-454FFD5318B8}.Debug|Any CPU.Build.0 = Debug|Any CPU
		{CF0C0D27-96CF-3155-1288-454FFD5318B8}.Release|Any CPU.ActiveCfg = Release|Any CPU
		{CF0C0D27-96CF-3155-1288-454FFD5318B8}.Release|Any CPU.Build.0 = Release|Any CPU
		{C2F9D2FF-ABF9-4FE4-B7A7-FB4FBE4B7C14}.Debug|Any CPU.ActiveCfg = Debug|Any CPU
		{C2F9D2FF-ABF9-4FE4-B7A7-FB4FBE4B7C14}.Debug|Any CPU.Build.0 = Debug|Any CPU
		{C2F9D2FF-ABF9-4FE4-B7A7-FB4FBE4B7C14}.Release|Any CPU.ActiveCfg = Release|Any CPU
		{C2F9D2FF-ABF9-4FE4-B7A7-FB4FBE4B7C14}.Release|Any CPU.Build.0 = Release|Any CPU
	EndGlobalSection
	GlobalSection(SolutionProperties) = preSolution
		HideSolutionNode = FALSE
	EndGlobalSection
	GlobalSection(ExtensibilityGlobals) = postSolution
		SolutionGuid = {37DA6E36-F22B-49AC-831C-05CA5A1BC618}
	EndGlobalSection
EndGlobal
