
Microsoft Visual Studio Solution File, Format Version 12.00
# Visual Studio Version 17
VisualStudioVersion = 17.13.35931.197
MinimumVisualStudioVersion = 10.0.40219.1
Project("{FAE04EC0-301F-11D3-BF4B-00C04F79EFBC}") = "UnifiedBackgroundProcessing", "src\UnifiedBackgroundProcessing\UnifiedBackgroundProcessing.csproj", "{CF0C0D27-96CF-3155-1288-454FFD5318B8}"
EndProject
Project("{FAE04EC0-301F-11D3-BF4B-00C04F79EFBC}") = "Google.OrTools", "src\Google.OrTools\Google.OrTools.csproj", "{83B99FE8-4CD9-A9B2-49B0-C089CF499A9E}"
EndProject
Global
	GlobalSection(SolutionConfigurationPlatforms) = preSolution
		Debug|Any CPU = Debug|Any CPU
		Release|Any CPU = Release|Any CPU
	EndGlobalSection
	GlobalSection(ProjectConfigurationPlatforms) = postSolution
		{CF0C0D27-96CF-3155-1288-454FFD5318B8}.Debug|Any CPU.ActiveCfg = Debug|Any CPU
		{CF0C0D27-96CF-3155-1288-454FFD5318B8}.Debug|Any CPU.Build.0 = Debug|Any CPU
		{CF0C0D27-96CF-3155-1288-454FFD5318B8}.Release|Any CPU.ActiveCfg = Release|Any CPU
		{CF0C0D27-96CF-3155-1288-454FFD5318B8}.Release|Any CPU.Build.0 = Release|Any CPU
		{83B99FE8-4CD9-A9B2-49B0-C089CF499A9E}.Debug|Any CPU.ActiveCfg = Debug|Any CPU
		{83B99FE8-4CD9-A9B2-49B0-C089CF499A9E}.Debug|Any CPU.Build.0 = Debug|Any CPU
		{83B99FE8-4CD9-A9B2-49B0-C089CF499A9E}.Release|Any CPU.ActiveCfg = Release|Any CPU
		{83B99FE8-4CD9-A9B2-49B0-C089CF499A9E}.Release|Any CPU.Build.0 = Release|Any CPU
	EndGlobalSection
	GlobalSection(SolutionProperties) = preSolution
		HideSolutionNode = FALSE
	EndGlobalSection
	GlobalSection(ExtensibilityGlobals) = postSolution
		SolutionGuid = {37DA6E36-F22B-49AC-831C-05CA5A1BC618}
	EndGlobalSection
EndGlobal
